// !$*UTF8*$!
{
	archiveVersion = 1;
	classes = {
	};
	objectVersion = 55;
	objects = {

/* Begin PBXBuildFile section */
		18809D1C2766B4DE002F00E3 /* Tests_iOS.swift in Sources */ = {isa = PBXBuildFile; fileRef = 18809D1B2766B4DE002F00E3 /* Tests_iOS.swift */; };
		18809D1E2766B4DE002F00E3 /* Tests_iOSLaunchTests.swift in Sources */ = {isa = PBXBuildFile; fileRef = 18809D1D2766B4DE002F00E3 /* Tests_iOSLaunchTests.swift */; };
		18809D282766B4DE002F00E3 /* Tests_macOS.swift in Sources */ = {isa = PBXBuildFile; fileRef = 18809D272766B4DE002F00E3 /* Tests_macOS.swift */; };
		18809D2A2766B4DE002F00E3 /* Tests_macOSLaunchTests.swift in Sources */ = {isa = PBXBuildFile; fileRef = 18809D292766B4DE002F00E3 /* Tests_macOSLaunchTests.swift */; };
		18809D2B2766B4DE002F00E3 /* jaimatadiApp.swift in Sources */ = {isa = PBXBuildFile; fileRef = 18809D032766B4DD002F00E3 /* jaimatadiApp.swift */; };
		18809D2C2766B4DE002F00E3 /* jaimatadiApp.swift in Sources */ = {isa = PBXBuildFile; fileRef = 18809D032766B4DD002F00E3 /* jaimatadiApp.swift */; };
		18809D2D2766B4DE002F00E3 /* ContentView.swift in Sources */ = {isa = PBXBuildFile; fileRef = 18809D042766B4DD002F00E3 /* ContentView.swift */; };
		18809D2E2766B4DE002F00E3 /* ContentView.swift in Sources */ = {isa = PBXBuildFile; fileRef = 18809D042766B4DD002F00E3 /* ContentView.swift */; };
		18809D2F2766B4DE002F00E3 /* Assets.xcassets in Resources */ = {isa = PBXBuildFile; fileRef = 18809D052766B4DE002F00E3 /* Assets.xcassets */; };
		18809D302766B4DE002F00E3 /* Assets.xcassets in Resources */ = {isa = PBXBuildFile; fileRef = 18809D052766B4DE002F00E3 /* Assets.xcassets */; };
/* End PBXBuildFile section */

/* Begin PBXContainerItemProxy section */
		18809D182766B4DE002F00E3 /* PBXContainerItemProxy */ = {
			isa = PBXContainerItemProxy;
			containerPortal = 18809CFE2766B4DD002F00E3 /* Project object */;
			proxyType = 1;
			remoteGlobalIDString = 18809D092766B4DE002F00E3;
			remoteInfo = "jaimatadi (iOS)";
		};
		18809D242766B4DE002F00E3 /* PBXContainerItemProxy */ = {
			isa = PBXContainerItemProxy;
			containerPortal = 18809CFE2766B4DD002F00E3 /* Project object */;
			proxyType = 1;
			remoteGlobalIDString = 18809D0F2766B4DE002F00E3;
			remoteInfo = "jaimatadi (macOS)";
		};
/* End PBXContainerItemProxy section */

/* Begin PBXFileReference section */
		18809D032766B4DD002F00E3 /* jaimatadiApp.swift */ = {isa = PBXFileReference; lastKnownFileType = sourcecode.swift; path = jaimatadiApp.swift; sourceTree = "<group>"; };
		18809D042766B4DD002F00E3 /* ContentView.swift */ = {isa = PBXFileReference; lastKnownFileType = sourcecode.swift; path = ContentView.swift; sourceTree = "<group>"; };
		18809D052766B4DE002F00E3 /* Assets.xcassets */ = {isa = PBXFileReference; lastKnownFileType = folder.assetcatalog; path = Assets.xcassets; sourceTree = "<group>"; };
		18809D0A2766B4DE002F00E3 /* jaimatadi.app */ = {isa = PBXFileReference; explicitFileType = wrapper.application; includeInIndex = 0; path = jaimatadi.app; sourceTree = BUILT_PRODUCTS_DIR; };
		18809D102766B4DE002F00E3 /* jaimatadi.app */ = {isa = PBXFileReference; explicitFileType = wrapper.application; includeInIndex = 0; path = jaimatadi.app; sourceTree = BUILT_PRODUCTS_DIR; };
		18809D122766B4DE002F00E3 /* macOS.entitlements */ = {isa = PBXFileReference; lastKnownFileType = text.plist.entitlements; path = macOS.entitlements; sourceTree = "<group>"; };
		18809D172766B4DE002F00E3 /* Tests iOS.xctest */ = {isa = PBXFileReference; explicitFileType = wrapper.cfbundle; includeInIndex = 0; path = "Tests iOS.xctest"; sourceTree = BUILT_PRODUCTS_DIR; };
		18809D1B2766B4DE002F00E3 /* Tests_iOS.swift */ = {isa = PBXFileReference; lastKnownFileType = sourcecode.swift; path = Tests_iOS.swift; sourceTree = "<group>"; };
		18809D1D2766B4DE002F00E3 /* Tests_iOSLaunchTests.swift */ = {isa = PBXFileReference; lastKnownFileType = sourcecode.swift; path = Tests_iOSLaunchTests.swift; sourceTree = "<group>"; };
		18809D232766B4DE002F00E3 /* Tests macOS.xctest */ = {isa = PBXFileReference; explicitFileType = wrapper.cfbundle; includeInIndex = 0; path = "Tests macOS.xctest"; sourceTree = BUILT_PRODUCTS_DIR; };
		18809D272766B4DE002F00E3 /* Tests_macOS.swift */ = {isa = PBXFileReference; lastKnownFileType = sourcecode.swift; path = Tests_macOS.swift; sourceTree = "<group>"; };
		18809D292766B4DE002F00E3 /* Tests_macOSLaunchTests.swift */ = {isa = PBXFileReference; lastKnownFileType = sourcecode.swift; path = Tests_macOSLaunchTests.swift; sourceTree = "<group>"; };
/* End PBXFileReference section */

/* Begin PBXFrameworksBuildPhase section */
		18809D072766B4DE002F00E3 /* Frameworks */ = {
			isa = PBXFrameworksBuildPhase;
			buildActionMask = 2147483647;
			files = (
			);
			runOnlyForDeploymentPostprocessing = 0;
		};
		18809D0D2766B4DE002F00E3 /* Frameworks */ = {
			isa = PBXFrameworksBuildPhase;
			buildActionMask = 2147483647;
			files = (
			);
			runOnlyForDeploymentPostprocessing = 0;
		};
		18809D142766B4DE002F00E3 /* Frameworks */ = {
			isa = PBXFrameworksBuildPhase;
			buildActionMask = 2147483647;
			files = (
			);
			runOnlyForDeploymentPostprocessing = 0;
		};
		18809D202766B4DE002F00E3 /* Frameworks */ = {
			isa = PBXFrameworksBuildPhase;
			buildActionMask = 2147483647;
			files = (
			);
			runOnlyForDeploymentPostprocessing = 0;
		};
/* End PBXFrameworksBuildPhase section */

/* Begin PBXGroup section */
		18809CFD2766B4DD002F00E3 = {
			isa = PBXGroup;
			children = (
				18809D022766B4DD002F00E3 /* Shared */,
				18809D112766B4DE002F00E3 /* macOS */,
				18809D1A2766B4DE002F00E3 /* Tests iOS */,
				18809D262766B4DE002F00E3 /* Tests macOS */,
				18809D0B2766B4DE002F00E3 /* Products */,
			);
			sourceTree = "<group>";
		};
		18809D022766B4DD002F00E3 /* Shared */ = {
			isa = PBXGroup;
			children = (
				18809D032766B4DD002F00E3 /* jaimatadiApp.swift */,
				18809D042766B4DD002F00E3 /* ContentView.swift */,
				18809D052766B4DE002F00E3 /* Assets.xcassets */,
			);
			path = Shared;
			sourceTree = "<group>";
		};
		18809D0B2766B4DE002F00E3 /* Products */ = {
			isa = PBXGroup;
			children = (
				18809D0A2766B4DE002F00E3 /* jaimatadi.app */,
				18809D102766B4DE002F00E3 /* jaimatadi.app */,
				18809D172766B4DE002F00E3 /* Tests iOS.xctest */,
				18809D232766B4DE002F00E3 /* Tests macOS.xctest */,
			);
			name = Products;
			sourceTree = "<group>";
		};
		18809D112766B4DE002F00E3 /* macOS */ = {
			isa = PBXGroup;
			children = (
				18809D122766B4DE002F00E3 /* macOS.entitlements */,
			);
			path = macOS;
			sourceTree = "<group>";
		};
		18809D1A2766B4DE002F00E3 /* Tests iOS */ = {
			isa = PBXGroup;
			children = (
				18809D1B2766B4DE002F00E3 /* Tests_iOS.swift */,
				18809D1D2766B4DE002F00E3 /* Tests_iOSLaunchTests.swift */,
			);
			path = "Tests iOS";
			sourceTree = "<group>";
		};
		18809D262766B4DE002F00E3 /* Tests macOS */ = {
			isa = PBXGroup;
			children = (
				18809D272766B4DE002F00E3 /* Tests_macOS.swift */,
				18809D292766B4DE002F00E3 /* Tests_macOSLaunchTests.swift */,
			);
			path = "Tests macOS";
			sourceTree = "<group>";
		};
/* End PBXGroup section */

/* Begin PBXNativeTarget section */
		18809D092766B4DE002F00E3 /* jaimatadi (iOS) */ = {
			isa = PBXNativeTarget;
			buildConfigurationList = 18809D332766B4DE002F00E3 /* Build configuration list for PBXNativeTarget "jaimatadi (iOS)" */;
			buildPhases = (
				18809D062766B4DE002F00E3 /* Sources */,
				18809D072766B4DE002F00E3 /* Frameworks */,
				18809D082766B4DE002F00E3 /* Resources */,
			);
			buildRules = (
			);
			dependencies = (
			);
			name = "jaimatadi (iOS)";
			productName = "jaimatadi (iOS)";
			productReference = 18809D0A2766B4DE002F00E3 /* jaimatadi.app */;
			productType = "com.apple.product-type.application";
		};
		18809D0F2766B4DE002F00E3 /* jaimatadi (macOS) */ = {
			isa = PBXNativeTarget;
			buildConfigurationList = 18809D362766B4DE002F00E3 /* Build configuration list for PBXNativeTarget "jaimatadi (macOS)" */;
			buildPhases = (
				18809D0C2766B4DE002F00E3 /* Sources */,
				18809D0D2766B4DE002F00E3 /* Frameworks */,
				18809D0E2766B4DE002F00E3 /* Resources */,
			);
			buildRules = (
			);
			dependencies = (
			);
			name = "jaimatadi (macOS)";
			productName = "jaimatadi (macOS)";
			productReference = 18809D102766B4DE002F00E3 /* jaimatadi.app */;
			productType = "com.apple.product-type.application";
		};
		18809D162766B4DE002F00E3 /* Tests iOS */ = {
			isa = PBXNativeTarget;
			buildConfigurationList = 18809D392766B4DE002F00E3 /* Build configuration list for PBXNativeTarget "Tests iOS" */;
			buildPhases = (
				18809D132766B4DE002F00E3 /* Sources */,
				18809D142766B4DE002F00E3 /* Frameworks */,
				18809D152766B4DE002F00E3 /* Resources */,
			);
			buildRules = (
			);
			dependencies = (
				18809D192766B4DE002F00E3 /* PBXTargetDependency */,
			);
			name = "Tests iOS";
			productName = "Tests iOS";
			productReference = 18809D172766B4DE002F00E3 /* Tests iOS.xctest */;
			productType = "com.apple.product-type.bundle.ui-testing";
		};
		18809D222766B4DE002F00E3 /* Tests macOS */ = {
			isa = PBXNativeTarget;
			buildConfigurationList = 18809D3C2766B4DE002F00E3 /* Build configuration list for PBXNativeTarget "Tests macOS" */;
			buildPhases = (
				18809D1F2766B4DE002F00E3 /* Sources */,
				18809D202766B4DE002F00E3 /* Frameworks */,
				18809D212766B4DE002F00E3 /* Resources */,
			);
			buildRules = (
			);
			dependencies = (
				18809D252766B4DE002F00E3 /* PBXTargetDependency */,
			);
			name = "Tests macOS";
			productName = "Tests macOS";
			productReference = 18809D232766B4DE002F00E3 /* Tests macOS.xctest */;
			productType = "com.apple.product-type.bundle.ui-testing";
		};
/* End PBXNativeTarget section */

/* Begin PBXProject section */
		18809CFE2766B4DD002F00E3 /* Project object */ = {
			isa = PBXProject;
			attributes = {
				BuildIndependentTargetsInParallel = 1;
				LastSwiftUpdateCheck = 1310;
				LastUpgradeCheck = 1310;
				TargetAttributes = {
					18809D092766B4DE002F00E3 = {
						CreatedOnToolsVersion = 13.1;
					};
					18809D0F2766B4DE002F00E3 = {
						CreatedOnToolsVersion = 13.1;
					};
					18809D162766B4DE002F00E3 = {
						CreatedOnToolsVersion = 13.1;
						TestTargetID = 18809D092766B4DE002F00E3;
					};
					18809D222766B4DE002F00E3 = {
						CreatedOnToolsVersion = 13.1;
						TestTargetID = 18809D0F2766B4DE002F00E3;
					};
				};
			};
			buildConfigurationList = 18809D012766B4DD002F00E3 /* Build configuration list for PBXProject "jaimatadi" */;
			compatibilityVersion = "Xcode 13.0";
			developmentRegion = en;
			hasScannedForEncodings = 0;
			knownRegions = (
				en,
				Base,
			);
			mainGroup = 18809CFD2766B4DD002F00E3;
			productRefGroup = 18809D0B2766B4DE002F00E3 /* Products */;
			projectDirPath = "";
			projectRoot = "";
			targets = (
				18809D092766B4DE002F00E3 /* jaimatadi (iOS) */,
				18809D0F2766B4DE002F00E3 /* jaimatadi (macOS) */,
				18809D162766B4DE002F00E3 /* Tests iOS */,
				18809D222766B4DE002F00E3 /* Tests macOS */,
			);
		};
/* End PBXProject section */

/* Begin PBXResourcesBuildPhase section */
		18809D082766B4DE002F00E3 /* Resources */ = {
			isa = PBXResourcesBuildPhase;
			buildActionMask = 2147483647;
			files = (
				18809D2F2766B4DE002F00E3 /* Assets.xcassets in Resources */,
			);
			runOnlyForDeploymentPostprocessing = 0;
		};
		18809D0E2766B4DE002F00E3 /* Resources */ = {
			isa = PBXResourcesBuildPhase;
			buildActionMask = 2147483647;
			files = (
				18809D302766B4DE002F00E3 /* Assets.xcassets in Resources */,
			);
			runOnlyForDeploymentPostprocessing = 0;
		};
		18809D152766B4DE002F00E3 /* Resources */ = {
			isa = PBXResourcesBuildPhase;
			buildActionMask = 2147483647;
			files = (
			);
			runOnlyForDeploymentPostprocessing = 0;
		};
		18809D212766B4DE002F00E3 /* Resources */ = {
			isa = PBXResourcesBuildPhase;
			buildActionMask = 2147483647;
			files = (
			);
			runOnlyForDeploymentPostprocessing = 0;
		};
/* End PBXResourcesBuildPhase section */

/* Begin PBXSourcesBuildPhase section */
		18809D062766B4DE002F00E3 /* Sources */ = {
			isa = PBXSourcesBuildPhase;
			buildActionMask = 2147483647;
			files = (
				18809D2D2766B4DE002F00E3 /* ContentView.swift in Sources */,
				18809D2B2766B4DE002F00E3 /* jaimatadiApp.swift in Sources */,
			);
			runOnlyForDeploymentPostprocessing = 0;
		};
		18809D0C2766B4DE002F00E3 /* Sources */ = {
			isa = PBXSourcesBuildPhase;
			buildActionMask = 2147483647;
			files = (
				18809D2E2766B4DE002F00E3 /* ContentView.swift in Sources */,
				18809D2C2766B4DE002F00E3 /* jaimatadiApp.swift in Sources */,
			);
			runOnlyForDeploymentPostprocessing = 0;
		};
		18809D132766B4DE002F00E3 /* Sources */ = {
			isa = PBXSourcesBuildPhase;
			buildActionMask = 2147483647;
			files = (
				18809D1E2766B4DE002F00E3 /* Tests_iOSLaunchTests.swift in Sources */,
				18809D1C2766B4DE002F00E3 /* Tests_iOS.swift in Sources */,
			);
			runOnlyForDeploymentPostprocessing = 0;
		};
		18809D1F2766B4DE002F00E3 /* Sources */ = {
			isa = PBXSourcesBuildPhase;
			buildActionMask = 2147483647;
			files = (
				18809D2A2766B4DE002F00E3 /* Tests_macOSLaunchTests.swift in Sources */,
				18809D282766B4DE002F00E3 /* Tests_macOS.swift in Sources */,
			);
			runOnlyForDeploymentPostprocessing = 0;
		};
/* End PBXSourcesBuildPhase section */

/* Begin PBXTargetDependency section */
		18809D192766B4DE002F00E3 /* PBXTargetDependency */ = {
			isa = PBXTargetDependency;
			target = 18809D092766B4DE002F00E3 /* jaimatadi (iOS) */;
			targetProxy = 18809D182766B4DE002F00E3 /* PBXContainerItemProxy */;
		};
		18809D252766B4DE002F00E3 /* PBXTargetDependency */ = {
			isa = PBXTargetDependency;
			target = 18809D0F2766B4DE002F00E3 /* jaimatadi (macOS) */;
			targetProxy = 18809D242766B4DE002F00E3 /* PBXContainerItemProxy */;
		};
/* End PBXTargetDependency section */

/* Begin XCBuildConfiguration section */
		18809D312766B4DE002F00E3 /* Debug */ = {
			isa = XCBuildConfiguration;
			buildSettings = {
				ALWAYS_SEARCH_USER_PATHS = NO;
				CLANG_ANALYZER_NONNULL = YES;
				CLANG_ANALYZER_NUMBER_OBJECT_CONVERSION = YES_AGGRESSIVE;
				CLANG_CXX_LANGUAGE_STANDARD = "gnu++17";
				CLANG_CXX_LIBRARY = "libc++";
				CLANG_ENABLE_MODULES = YES;
				CLANG_ENABLE_OBJC_ARC = YES;
				CLANG_ENABLE_OBJC_WEAK = YES;
				CLANG_WARN_BLOCK_CAPTURE_AUTORELEASING = YES;
				CLANG_WARN_BOOL_CONVERSION = YES;
				CLANG_WARN_COMMA = YES;
				CLANG_WARN_CONSTANT_CONVERSION = YES;
				CLANG_WARN_DEPRECATED_OBJC_IMPLEMENTATIONS = YES;
				CLANG_WARN_DIRECT_OBJC_ISA_USAGE = YES_ERROR;
				CLANG_WARN_DOCUMENTATION_COMMENTS = YES;
				CLANG_WARN_EMPTY_BODY = YES;
				CLANG_WARN_ENUM_CONVERSION = YES;
				CLANG_WARN_INFINITE_RECURSION = YES;
				CLANG_WARN_INT_CONVERSION = YES;
				CLANG_WARN_NON_LITERAL_NULL_CONVERSION = YES;
				CLANG_WARN_OBJC_IMPLICIT_RETAIN_SELF = YES;
				CLANG_WARN_OBJC_LITERAL_CONVERSION = YES;
				CLANG_WARN_OBJC_ROOT_CLASS = YES_ERROR;
				CLANG_WARN_QUOTED_INCLUDE_IN_FRAMEWORK_HEADER = YES;
				CLANG_WARN_RANGE_LOOP_ANALYSIS = YES;
				CLANG_WARN_STRICT_PROTOTYPES = YES;
				CLANG_WARN_SUSPICIOUS_MOVE = YES;
				CLANG_WARN_UNGUARDED_AVAILABILITY = YES_AGGRESSIVE;
				CLANG_WARN_UNREACHABLE_CODE = YES;
				CLANG_WARN__DUPLICATE_METHOD_MATCH = YES;
				COPY_PHASE_STRIP = NO;
				DEBUG_INFORMATION_FORMAT = dwarf;
				ENABLE_STRICT_OBJC_MSGSEND = YES;
				ENABLE_TESTABILITY = YES;
				GCC_C_LANGUAGE_STANDARD = gnu11;
				GCC_DYNAMIC_NO_PIC = NO;
				GCC_NO_COMMON_BLOCKS = YES;
				GCC_OPTIMIZATION_LEVEL = 0;
				GCC_PREPROCESSOR_DEFINITIONS = (
					"DEBUG=1",
					"$(inherited)",
				);
				GCC_WARN_64_TO_32_BIT_CONVERSION = YES;
				GCC_WARN_ABOUT_RETURN_TYPE = YES_ERROR;
				GCC_WARN_UNDECLARED_SELECTOR = YES;
				GCC_WARN_UNINITIALIZED_AUTOS = YES_AGGRESSIVE;
				GCC_WARN_UNUSED_FUNCTION = YES;
				GCC_WARN_UNUSED_VARIABLE = YES;
				MTL_ENABLE_DEBUG_INFO = INCLUDE_SOURCE;
				MTL_FAST_MATH = YES;
				ONLY_ACTIVE_ARCH = YES;
				SWIFT_ACTIVE_COMPILATION_CONDITIONS = DEBUG;
				SWIFT_OPTIMIZATION_LEVEL = "-Onone";
			};
			name = Debug;
		};
		18809D322766B4DE002F00E3 /* Release */ = {
			isa = XCBuildConfiguration;
			buildSettings = {
				ALWAYS_SEARCH_USER_PATHS = NO;
				CLANG_ANALYZER_NONNULL = YES;
				CLANG_ANALYZER_NUMBER_OBJECT_CONVERSION = YES_AGGRESSIVE;
				CLANG_CXX_LANGUAGE_STANDARD = "gnu++17";
				CLANG_CXX_LIBRARY = "libc++";
				CLANG_ENABLE_MODULES = YES;
				CLANG_ENABLE_OBJC_ARC = YES;
				CLANG_ENABLE_OBJC_WEAK = YES;
				CLANG_WARN_BLOCK_CAPTURE_AUTORELEASING = YES;
				CLANG_WARN_BOOL_CONVERSION = YES;
				CLANG_WARN_COMMA = YES;
				CLANG_WARN_CONSTANT_CONVERSION = YES;
				CLANG_WARN_DEPRECATED_OBJC_IMPLEMENTATIONS = YES;
				CLANG_WARN_DIRECT_OBJC_ISA_USAGE = YES_ERROR;
				CLANG_WARN_DOCUMENTATION_COMMENTS = YES;
				CLANG_WARN_EMPTY_BODY = YES;
				CLANG_WARN_ENUM_CONVERSION = YES;
				CLANG_WARN_INFINITE_RECURSION = YES;
				CLANG_WARN_INT_CONVERSION = YES;
				CLANG_WARN_NON_LITERAL_NULL_CONVERSION = YES;
				CLANG_WARN_OBJC_IMPLICIT_RETAIN_SELF = YES;
				CLANG_WARN_OBJC_LITERAL_CONVERSION = YES;
				CLANG_WARN_OBJC_ROOT_CLASS = YES_ERROR;
				CLANG_WARN_QUOTED_INCLUDE_IN_FRAMEWORK_HEADER = YES;
				CLANG_WARN_RANGE_LOOP_ANALYSIS = YES;
				CLANG_WARN_STRICT_PROTOTYPES = YES;
				CLANG_WARN_SUSPICIOUS_MOVE = YES;
				CLANG_WARN_UNGUARDED_AVAILABILITY = YES_AGGRESSIVE;
				CLANG_WARN_UNREACHABLE_CODE = YES;
				CLANG_WARN__DUPLICATE_METHOD_MATCH = YES;
				COPY_PHASE_STRIP = NO;
				DEBUG_INFORMATION_FORMAT = "dwarf-with-dsym";
				ENABLE_NS_ASSERTIONS = NO;
				ENABLE_STRICT_OBJC_MSGSEND = YES;
				GCC_C_LANGUAGE_STANDARD = gnu11;
				GCC_NO_COMMON_BLOCKS = YES;
				GCC_WARN_64_TO_32_BIT_CONVERSION = YES;
				GCC_WARN_ABOUT_RETURN_TYPE = YES_ERROR;
				GCC_WARN_UNDECLARED_SELECTOR = YES;
				GCC_WARN_UNINITIALIZED_AUTOS = YES_AGGRESSIVE;
				GCC_WARN_UNUSED_FUNCTION = YES;
				GCC_WARN_UNUSED_VARIABLE = YES;
				MTL_ENABLE_DEBUG_INFO = NO;
				MTL_FAST_MATH = YES;
				SWIFT_COMPILATION_MODE = wholemodule;
				SWIFT_OPTIMIZATION_LEVEL = "-O";
			};
			name = Release;
		};
		18809D342766B4DE002F00E3 /* Debug */ = {
			isa = XCBuildConfiguration;
			buildSettings = {
				ASSETCATALOG_COMPILER_APPICON_NAME = AppIcon;
				ASSETCATALOG_COMPILER_GLOBAL_ACCENT_COLOR_NAME = AccentColor;
				CODE_SIGN_STYLE = Automatic;
				CURRENT_PROJECT_VERSION = 1;
				ENABLE_PREVIEWS = YES;
				GENERATE_INFOPLIST_FILE = YES;
				INFOPLIST_KEY_UIApplicationSceneManifest_Generation = YES;
				INFOPLIST_KEY_UIApplicationSupportsIndirectInputEvents = YES;
				INFOPLIST_KEY_UILaunchScreen_Generation = YES;
				INFOPLIST_KEY_UISupportedInterfaceOrientations_iPad = "UIInterfaceOrientationPortrait UIInterfaceOrientationPortraitUpsideDown UIInterfaceOrientationLandscapeLeft UIInterfaceOrientationLandscapeRight";
				INFOPLIST_KEY_UISupportedInterfaceOrientations_iPhone = "UIInterfaceOrientationPortrait UIInterfaceOrientationLandscapeLeft UIInterfaceOrientationLandscapeRight";
				IPHONEOS_DEPLOYMENT_TARGET = 15.0;
				LD_RUNPATH_SEARCH_PATHS = (
					"$(inherited)",
					"@executable_path/Frameworks",
				);
				MARKETING_VERSION = 1.0;
				PRODUCT_BUNDLE_IDENTIFIER = "com-jmd.jaimatadi";
				PRODUCT_NAME = jaimatadi;
				SDKROOT = iphoneos;
				SWIFT_EMIT_LOC_STRINGS = YES;
				SWIFT_VERSION = 5.0;
				TARGETED_DEVICE_FAMILY = "1,2";
			};
			name = Debug;
		};
		18809D352766B4DE002F00E3 /* Release */ = {
			isa = XCBuildConfiguration;
			buildSettings = {
				ASSETCATALOG_COMPILER_APPICON_NAME = AppIcon;
				ASSETCATALOG_COMPILER_GLOBAL_ACCENT_COLOR_NAME = AccentColor;
				CODE_SIGN_STYLE = Automatic;
				CURRENT_PROJECT_VERSION = 1;
				ENABLE_PREVIEWS = YES;
				GENERATE_INFOPLIST_FILE = YES;
				INFOPLIST_KEY_UIApplicationSceneManifest_Generation = YES;
				INFOPLIST_KEY_UIApplicationSupportsIndirectInputEvents = YES;
				INFOPLIST_KEY_UILaunchScreen_Generation = YES;
				INFOPLIST_KEY_UISupportedInterfaceOrientations_iPad = "UIInterfaceOrientationPortrait UIInterfaceOrientationPortraitUpsideDown UIInterfaceOrientationLandscapeLeft UIInterfaceOrientationLandscapeRight";
				INFOPLIST_KEY_UISupportedInterfaceOrientations_iPhone = "UIInterfaceOrientationPortrait UIInterfaceOrientationLandscapeLeft UIInterfaceOrientationLandscapeRight";
				IPHONEOS_DEPLOYMENT_TARGET = 15.0;
				LD_RUNPATH_SEARCH_PATHS = (
					"$(inherited)",
					"@executable_path/Frameworks",
				);
				MARKETING_VERSION = 1.0;
				PRODUCT_BUNDLE_IDENTIFIER = "com-jmd.jaimatadi";
				PRODUCT_NAME = jaimatadi;
				SDKROOT = iphoneos;
				SWIFT_EMIT_LOC_STRINGS = YES;
				SWIFT_VERSION = 5.0;
				TARGETED_DEVICE_FAMILY = "1,2";
				VALIDATE_PRODUCT = YES;
			};
			name = Release;
		};
		18809D372766B4DE002F00E3 /* Debug */ = {
			isa = XCBuildConfiguration;
			buildSettings = {
				ASSETCATALOG_COMPILER_APPICON_NAME = AppIcon;
				ASSETCATALOG_COMPILER_GLOBAL_ACCENT_COLOR_NAME = AccentColor;
				CODE_SIGN_ENTITLEMENTS = macOS/macOS.entitlements;
				CODE_SIGN_STYLE = Automatic;
				COMBINE_HIDPI_IMAGES = YES;
				CURRENT_PROJECT_VERSION = 1;
				ENABLE_PREVIEWS = YES;
				GENERATE_INFOPLIST_FILE = YES;
				INFOPLIST_KEY_NSHumanReadableCopyright = "";
				LD_RUNPATH_SEARCH_PATHS = (
					"$(inherited)",
					"@executable_path/../Frameworks",
				);
				MACOSX_DEPLOYMENT_TARGET = 12.0;
				MARKETING_VERSION = 1.0;
				PRODUCT_BUNDLE_IDENTIFIER = "com-jmd.jaimatadi";
				PRODUCT_NAME = jaimatadi;
				SDKROOT = macosx;
				SWIFT_EMIT_LOC_STRINGS = YES;
				SWIFT_VERSION = 5.0;
			};
			name = Debug;
		};
		18809D382766B4DE002F00E3 /* Release */ = {
			isa = XCBuildConfiguration;
			buildSettings = {
				ASSETCATALOG_COMPILER_APPICON_NAME = AppIcon;
				ASSETCATALOG_COMPILER_GLOBAL_ACCENT_COLOR_NAME = AccentColor;
				CODE_SIGN_ENTITLEMENTS = macOS/macOS.entitlements;
				CODE_SIGN_STYLE = Automatic;
				COMBINE_HIDPI_IMAGES = YES;
				CURRENT_PROJECT_VERSION = 1;
				ENABLE_PREVIEWS = YES;
				GENERATE_INFOPLIST_FILE = YES;
				INFOPLIST_KEY_NSHumanReadableCopyright = "";
				LD_RUNPATH_SEARCH_PATHS = (
					"$(inherited)",
					"@executable_path/../Frameworks",
				);
				MACOSX_DEPLOYMENT_TARGET = 12.0;
				MARKETING_VERSION = 1.0;
				PRODUCT_BUNDLE_IDENTIFIER = "com-jmd.jaimatadi";
				PRODUCT_NAME = jaimatadi;
				SDKROOT = macosx;
				SWIFT_EMIT_LOC_STRINGS = YES;
				SWIFT_VERSION = 5.0;
			};
			name = Release;
		};
		18809D3A2766B4DE002F00E3 /* Debug */ = {
			isa = XCBuildConfiguration;
			buildSettings = {
				ALWAYS_EMBED_SWIFT_STANDARD_LIBRARIES = YES;
				CODE_SIGN_STYLE = Automatic;
				CURRENT_PROJECT_VERSION = 1;
				GENERATE_INFOPLIST_FILE = YES;
				IPHONEOS_DEPLOYMENT_TARGET = 15.0;
				LD_RUNPATH_SEARCH_PATHS = (
					"$(inherited)",
					"@executable_path/Frameworks",
					"@loader_path/Frameworks",
				);
				MARKETING_VERSION = 1.0;
				PRODUCT_BUNDLE_IDENTIFIER = "com-jmd.Tests-iOS";
				PRODUCT_NAME = "$(TARGET_NAME)";
				SDKROOT = iphoneos;
				SWIFT_EMIT_LOC_STRINGS = NO;
				SWIFT_VERSION = 5.0;
				TARGETED_DEVICE_FAMILY = "1,2";
				TEST_TARGET_NAME = "jaimatadi (iOS)";
			};
			name = Debug;
		};
		18809D3B2766B4DE002F00E3 /* Release */ = {
			isa = XCBuildConfiguration;
			buildSettings = {
				ALWAYS_EMBED_SWIFT_STANDARD_LIBRARIES = YES;
				CODE_SIGN_STYLE = Automatic;
				CURRENT_PROJECT_VERSION = 1;
				GENERATE_INFOPLIST_FILE = YES;
				IPHONEOS_DEPLOYMENT_TARGET = 15.0;
				LD_RUNPATH_SEARCH_PATHS = (
					"$(inherited)",
					"@executable_path/Frameworks",
					"@loader_path/Frameworks",
				);
				MARKETING_VERSION = 1.0;
				PRODUCT_BUNDLE_IDENTIFIER = "com-jmd.Tests-iOS";
				PRODUCT_NAME = "$(TARGET_NAME)";
				SDKROOT = iphoneos;
				SWIFT_EMIT_LOC_STRINGS = NO;
				SWIFT_VERSION = 5.0;
				TARGETED_DEVICE_FAMILY = "1,2";
				TEST_TARGET_NAME = "jaimatadi (iOS)";
				VALIDATE_PRODUCT = YES;
			};
			name = Release;
		};
		18809D3D2766B4DE002F00E3 /* Debug */ = {
			isa = XCBuildConfiguration;
			buildSettings = {
				ALWAYS_EMBED_SWIFT_STANDARD_LIBRARIES = YES;
				CODE_SIGN_STYLE = Automatic;
				COMBINE_HIDPI_IMAGES = YES;
				CURRENT_PROJECT_VERSION = 1;
				GENERATE_INFOPLIST_FILE = YES;
				LD_RUNPATH_SEARCH_PATHS = (
					"$(inherited)",
					"@executable_path/../Frameworks",
					"@loader_path/../Frameworks",
				);
				MACOSX_DEPLOYMENT_TARGET = 12.0;
				MARKETING_VERSION = 1.0;
				PRODUCT_BUNDLE_IDENTIFIER = "com-jmd.Tests-macOS";
				PRODUCT_NAME = "$(TARGET_NAME)";
				SDKROOT = macosx;
				SWIFT_EMIT_LOC_STRINGS = NO;
				SWIFT_VERSION = 5.0;
				TEST_TARGET_NAME = "jaimatadi (macOS)";
			};
			name = Debug;
		};
		18809D3E2766B4DE002F00E3 /* Release */ = {
			isa = XCBuildConfiguration;
			buildSettings = {
				ALWAYS_EMBED_SWIFT_STANDARD_LIBRARIES = YES;
				CODE_SIGN_STYLE = Automatic;
				COMBINE_HIDPI_IMAGES = YES;
				CURRENT_PROJECT_VERSION = 1;
				GENERATE_INFOPLIST_FILE = YES;
				LD_RUNPATH_SEARCH_PATHS = (
					"$(inherited)",
					"@executable_path/../Frameworks",
					"@loader_path/../Frameworks",
				);
				MACOSX_DEPLOYMENT_TARGET = 12.0;
				MARKETING_VERSION = 1.0;
				PRODUCT_BUNDLE_IDENTIFIER = "com-jmd.Tests-macOS";
				PRODUCT_NAME = "$(TARGET_NAME)";
				SDKROOT = macosx;
				SWIFT_EMIT_LOC_STRINGS = NO;
				SWIFT_VERSION = 5.0;
				TEST_TARGET_NAME = "jaimatadi (macOS)";
			};
			name = Release;
		};
/* End XCBuildConfiguration section */

/* Begin XCConfigurationList section */
		18809D012766B4DD002F00E3 /* Build configuration list for PBXProject "jaimatadi" */ = {
			isa = XCConfigurationList;
			buildConfigurations = (
				18809D312766B4DE002F00E3 /* Debug */,
				18809D322766B4DE002F00E3 /* Release */,
			);
			defaultConfigurationIsVisible = 0;
			defaultConfigurationName = Release;
		};
		18809D332766B4DE002F00E3 /* Build configuration list for PBXNativeTarget "jaimatadi (iOS)" */ = {
			isa = XCConfigurationList;
			buildConfigurations = (
				18809D342766B4DE002F00E3 /* Debug */,
				18809D352766B4DE002F00E3 /* Release */,
			);
			defaultConfigurationIsVisible = 0;
			defaultConfigurationName = Release;
		};
		18809D362766B4DE002F00E3 /* Build configuration list for PBXNativeTarget "jaimatadi (macOS)" */ = {
			isa = XCConfigurationList;
			buildConfigurations = (
				18809D372766B4DE002F00E3 /* Debug */,
				18809D382766B4DE002F00E3 /* Release */,
			);
			defaultConfigurationIsVisible = 0;
			defaultConfigurationName = Release;
		};
		18809D392766B4DE002F00E3 /* Build configuration list for PBXNativeTarget "Tests iOS" */ = {
			isa = XCConfigurationList;
			buildConfigurations = (
				18809D3A2766B4DE002F00E3 /* Debug */,
				18809D3B2766B4DE002F00E3 /* Release */,
			);
			defaultConfigurationIsVisible = 0;
			defaultConfigurationName = Release;
		};
		18809D3C2766B4DE002F00E3 /* Build configuration list for PBXNativeTarget "Tests macOS" */ = {
			isa = XCConfigurationList;
			buildConfigurations = (
				18809D3D2766B4DE002F00E3 /* Debug */,
				18809D3E2766B4DE002F00E3 /* Release */,
			);
			defaultConfigurationIsVisible = 0;
			defaultConfigurationName = Release;
		};
/* End XCConfigurationList section */
	};
	rootObject = 18809CFE2766B4DD002F00E3 /* Project object */;
}
